
Microsoft Visual Studio Solution File, Format Version 12.00
# Visual Studio Version 17
VisualStudioVersion = 17.8.34330.188
MinimumVisualStudioVersion = 10.0.40219.1
Project("{FAE04EC0-301F-11D3-BF4B-00C04F79EFBC}") = "RevitServerParser", "RevitServerParser\RevitServerParser.csproj", "{D2A97DA2-F3D6-4BED-B4B1-49EACAB8CD8D}"
EndProject
Project("{FAE04EC0-301F-11D3-BF4B-00C04F79EFBC}") = "RevitServerParser.Tests", "RevitServerParser.Tests\RevitServerParser.Tests.csproj", "{44EF70CC-DCFC-4F3E-B8BF-4D8486A8FC66}"
EndProject
Global
	GlobalSection(SolutionConfigurationPlatforms) = preSolution
		Debug|Any CPU = Debug|Any CPU
		Release|Any CPU = Release|Any CPU
	EndGlobalSection
	GlobalSection(ProjectConfigurationPlatforms) = postSolution
		{D2A97DA2-F3D6-4BED-B4B1-49EACAB8CD8D}.Debug|Any CPU.ActiveCfg = Debug|Any CPU
		{D2A97DA2-F3D6-4BED-B4B1-49EACAB8CD8D}.Debug|Any CPU.Build.0 = Debug|Any CPU
		{D2A97DA2-F3D6-4BED-B4B1-49EACAB8CD8D}.Release|Any CPU.ActiveCfg = Release|Any CPU
		{D2A97DA2-F3D6-4BED-B4B1-49EACAB8CD8D}.Release|Any CPU.Build.0 = Release|Any CPU
		{44EF70CC-DCFC-4F3E-B8BF-4D8486A8FC66}.Debug|Any CPU.ActiveCfg = Debug|Any CPU
		{44EF70CC-DCFC-4F3E-B8BF-4D8486A8FC66}.Debug|Any CPU.Build.0 = Debug|Any CPU
		{44EF70CC-DCFC-4F3E-B8BF-4D8486A8FC66}.Release|Any CPU.ActiveCfg = Release|Any CPU
		{44EF70CC-DCFC-4F3E-B8BF-4D8486A8FC66}.Release|Any CPU.Build.0 = Release|Any CPU
	EndGlobalSection
	GlobalSection(SolutionProperties) = preSolution
		HideSolutionNode = FALSE
	EndGlobalSection
	GlobalSection(ExtensibilityGlobals) = postSolution
		SolutionGuid = {AC10871C-7F29-4C02-8C0B-DA22E22D0923}
	EndGlobalSection
EndGlobal
