
Microsoft Visual Studio Solution File, Format Version 12.00
# Visual Studio Version 17
VisualStudioVersion = 17.8.34330.188
MinimumVisualStudioVersion = 10.0.40219.1
Project("{9A19103F-16F7-4668-BE54-9A1E7A4F7556}") = "RevitServerParser", "RevitServerParser\RevitServerParser.csproj", "{D2A97DA2-F3D6-4BED-B4B1-49EACAB8CD8D}"
EndProject
Project("{9A19103F-16F7-4668-BE54-9A1E7A4F7556}") = "RevitServerParser.Tests", "RevitServerParser.Tests\RevitServerParser.Tests.csproj", "{44EF70CC-DCFC-4F3E-B8BF-4D8486A8FC66}"
EndProject
Project("{9A19103F-16F7-4668-BE54-9A1E7A4F7556}") = "RevitServersService.Tests", "RevitServersService.Tests\RevitServersService.Tests.csproj", "{2B349CD0-D7B0-4508-864D-0A16FD5B8620}"
EndProject
Project("{9A19103F-16F7-4668-BE54-9A1E7A4F7556}") = "RevitServersService", "RevitServersService\RevitServersService.csproj", "{295EC177-997B-42C1-B81A-EC7F081FC634}"
EndProject
Project("{E53339B2-1760-4266-BCC7-CA923CBCF16C}") = "docker-compose", "docker-compose.dcproj", "{DD9329F7-5950-498E-B971-6C5CD881D571}"
EndProject
Project("{FAE04EC0-301F-11D3-BF4B-00C04F79EFBC}") = "RevitServerParser.Core", "..\RevitServerParser.Core\RevitServerParser.Core.csproj", "{13F5DC38-E26C-4059-858A-8D41CE68F9CC}"
EndProject
Global
	GlobalSection(SolutionConfigurationPlatforms) = preSolution
		Debug|Any CPU = Debug|Any CPU
		Release|Any CPU = Release|Any CPU
	EndGlobalSection
	GlobalSection(ProjectConfigurationPlatforms) = postSolution
		{D2A97DA2-F3D6-4BED-B4B1-49EACAB8CD8D}.Debug|Any CPU.ActiveCfg = Debug|Any CPU
		{D2A97DA2-F3D6-4BED-B4B1-49EACAB8CD8D}.Debug|Any CPU.Build.0 = Debug|Any CPU
		{D2A97DA2-F3D6-4BED-B4B1-49EACAB8CD8D}.Release|Any CPU.ActiveCfg = Release|Any CPU
		{D2A97DA2-F3D6-4BED-B4B1-49EACAB8CD8D}.Release|Any CPU.Build.0 = Release|Any CPU
		{44EF70CC-DCFC-4F3E-B8BF-4D8486A8FC66}.Debug|Any CPU.ActiveCfg = Debug|Any CPU
		{44EF70CC-DCFC-4F3E-B8BF-4D8486A8FC66}.Debug|Any CPU.Build.0 = Debug|Any CPU
		{44EF70CC-DCFC-4F3E-B8BF-4D8486A8FC66}.Release|Any CPU.ActiveCfg = Release|Any CPU
		{44EF70CC-DCFC-4F3E-B8BF-4D8486A8FC66}.Release|Any CPU.Build.0 = Release|Any CPU
		{2B349CD0-D7B0-4508-864D-0A16FD5B8620}.Debug|Any CPU.ActiveCfg = Debug|Any CPU
		{2B349CD0-D7B0-4508-864D-0A16FD5B8620}.Debug|Any CPU.Build.0 = Debug|Any CPU
		{2B349CD0-D7B0-4508-864D-0A16FD5B8620}.Release|Any CPU.ActiveCfg = Release|Any CPU
		{2B349CD0-D7B0-4508-864D-0A16FD5B8620}.Release|Any CPU.Build.0 = Release|Any CPU
		{295EC177-997B-42C1-B81A-EC7F081FC634}.Debug|Any CPU.ActiveCfg = Debug|Any CPU
		{295EC177-997B-42C1-B81A-EC7F081FC634}.Debug|Any CPU.Build.0 = Debug|Any CPU
		{295EC177-997B-42C1-B81A-EC7F081FC634}.Release|Any CPU.ActiveCfg = Release|Any CPU
		{295EC177-997B-42C1-B81A-EC7F081FC634}.Release|Any CPU.Build.0 = Release|Any CPU
		{DD9329F7-5950-498E-B971-6C5CD881D571}.Debug|Any CPU.ActiveCfg = Debug|Any CPU
		{DD9329F7-5950-498E-B971-6C5CD881D571}.Debug|Any CPU.Build.0 = Debug|Any CPU
		{DD9329F7-5950-498E-B971-6C5CD881D571}.Release|Any CPU.ActiveCfg = Release|Any CPU
		{DD9329F7-5950-498E-B971-6C5CD881D571}.Release|Any CPU.Build.0 = Release|Any CPU
		{13F5DC38-E26C-4059-858A-8D41CE68F9CC}.Debug|Any CPU.ActiveCfg = Debug|Any CPU
		{13F5DC38-E26C-4059-858A-8D41CE68F9CC}.Debug|Any CPU.Build.0 = Debug|Any CPU
		{13F5DC38-E26C-4059-858A-8D41CE68F9CC}.Release|Any CPU.ActiveCfg = Release|Any CPU
		{13F5DC38-E26C-4059-858A-8D41CE68F9CC}.Release|Any CPU.Build.0 = Release|Any CPU
	EndGlobalSection
	GlobalSection(SolutionProperties) = preSolution
		HideSolutionNode = FALSE
	EndGlobalSection
	GlobalSection(ExtensibilityGlobals) = postSolution
		SolutionGuid = {AC10871C-7F29-4C02-8C0B-DA22E22D0923}
	EndGlobalSection
EndGlobal
